// !$*UTF8*$!
{
	archiveVersion = 1;
	classes = {
	};
	objectVersion = 46;
	objects = {

/* Begin PBXBuildFile section */
		91E210C11AFF83B20032CAB7 /* AppDelegate.swift in Sources */ = {isa = PBXBuildFile; fileRef = 91E210C01AFF83B20032CAB7 /* AppDelegate.swift */; };
		91E210C31AFF83B20032CAB7 /* ViewController.swift in Sources */ = {isa = PBXBuildFile; fileRef = 91E210C21AFF83B20032CAB7 /* ViewController.swift */; };
		91E210C61AFF83B20032CAB7 /* Main.storyboard in Resources */ = {isa = PBXBuildFile; fileRef = 91E210C41AFF83B20032CAB7 /* Main.storyboard */; };
		91E210C81AFF83B20032CAB7 /* Images.xcassets in Resources */ = {isa = PBXBuildFile; fileRef = 91E210C71AFF83B20032CAB7 /* Images.xcassets */; };
		91E210CB1AFF83B20032CAB7 /* LaunchScreen.xib in Resources */ = {isa = PBXBuildFile; fileRef = 91E210C91AFF83B20032CAB7 /* LaunchScreen.xib */; };
		91E210D71AFF83B20032CAB7 /* CustomtableviewTests.swift in Sources */ = {isa = PBXBuildFile; fileRef = 91E210D61AFF83B20032CAB7 /* CustomtableviewTests.swift */; };
/* End PBXBuildFile section */

/* Begin PBXContainerItemProxy section */
		91E210D11AFF83B20032CAB7 /* PBXContainerItemProxy */ = {
			isa = PBXContainerItemProxy;
			containerPortal = 91E210B31AFF83B20032CAB7 /* Project object */;
			proxyType = 1;
			remoteGlobalIDString = 91E210BA1AFF83B20032CAB7;
			remoteInfo = Customtableview;
		};
/* End PBXContainerItemProxy section */

/* Begin PBXFileReference section */
		91E210BB1AFF83B20032CAB7 /* Customtableview.app */ = {isa = PBXFileReference; explicitFileType = wrapper.application; includeInIndex = 0; path = Customtableview.app; sourceTree = BUILT_PRODUCTS_DIR; };
		91E210BF1AFF83B20032CAB7 /* Info.plist */ = {isa = PBXFileReference; lastKnownFileType = text.plist.xml; path = Info.plist; sourceTree = "<group>"; };
		91E210C01AFF83B20032CAB7 /* AppDelegate.swift */ = {isa = PBXFileReference; lastKnownFileType = sourcecode.swift; path = AppDelegate.swift; sourceTree = "<group>"; };
		91E210C21AFF83B20032CAB7 /* ViewController.swift */ = {isa = PBXFileReference; lastKnownFileType = sourcecode.swift; path = ViewController.swift; sourceTree = "<group>"; };
		91E210C51AFF83B20032CAB7 /* Base */ = {isa = PBXFileReference; lastKnownFileType = file.storyboard; name = Base; path = Base.lproj/Main.storyboard; sourceTree = "<group>"; };
		91E210C71AFF83B20032CAB7 /* Images.xcassets */ = {isa = PBXFileReference; lastKnownFileType = folder.assetcatalog; path = Images.xcassets; sourceTree = "<group>"; };
		91E210CA1AFF83B20032CAB7 /* Base */ = {isa = PBXFileReference; lastKnownFileType = file.xib; name = Base; path = Base.lproj/LaunchScreen.xib; sourceTree = "<group>"; };
		91E210D01AFF83B20032CAB7 /* CustomtableviewTests.xctest */ = {isa = PBXFileReference; explicitFileType = wrapper.cfbundle; includeInIndex = 0; path = CustomtableviewTests.xctest; sourceTree = BUILT_PRODUCTS_DIR; };
		91E210D51AFF83B20032CAB7 /* Info.plist */ = {isa = PBXFileReference; lastKnownFileType = text.plist.xml; path = Info.plist; sourceTree = "<group>"; };
		91E210D61AFF83B20032CAB7 /* CustomtableviewTests.swift */ = {isa = PBXFileReference; lastKnownFileType = sourcecode.swift; path = CustomtableviewTests.swift; sourceTree = "<group>"; };
/* End PBXFileReference section */

/* Begin PBXFrameworksBuildPhase section */
		91E210B81AFF83B20032CAB7 /* Frameworks */ = {
			isa = PBXFrameworksBuildPhase;
			buildActionMask = 2147483647;
			files = (
			);
			runOnlyForDeploymentPostprocessing = 0;
		};
		91E210CD1AFF83B20032CAB7 /* Frameworks */ = {
			isa = PBXFrameworksBuildPhase;
			buildActionMask = 2147483647;
			files = (
			);
			runOnlyForDeploymentPostprocessing = 0;
		};
/* End PBXFrameworksBuildPhase section */

/* Begin PBXGroup section */
		91E210B21AFF83B20032CAB7 = {
			isa = PBXGroup;
			children = (
				91E210BD1AFF83B20032CAB7 /* Customtableview */,
				91E210D31AFF83B20032CAB7 /* CustomtableviewTests */,
				91E210BC1AFF83B20032CAB7 /* Products */,
			);
			sourceTree = "<group>";
		};
		91E210BC1AFF83B20032CAB7 /* Products */ = {
			isa = PBXGroup;
			children = (
				91E210BB1AFF83B20032CAB7 /* Customtableview.app */,
				91E210D01AFF83B20032CAB7 /* CustomtableviewTests.xctest */,
			);
			name = Products;
			sourceTree = "<group>";
		};
		91E210BD1AFF83B20032CAB7 /* Customtableview */ = {
			isa = PBXGroup;
			children = (
				91E210C01AFF83B20032CAB7 /* AppDelegate.swift */,
				91E210C21AFF83B20032CAB7 /* ViewController.swift */,
				91E210C41AFF83B20032CAB7 /* Main.storyboard */,
				91E210C71AFF83B20032CAB7 /* Images.xcassets */,
				91E210C91AFF83B20032CAB7 /* LaunchScreen.xib */,
				91E210BE1AFF83B20032CAB7 /* Supporting Files */,
			);
			path = Customtableview;
			sourceTree = "<group>";
		};
		91E210BE1AFF83B20032CAB7 /* Supporting Files */ = {
			isa = PBXGroup;
			children = (
				91E210BF1AFF83B20032CAB7 /* Info.plist */,
			);
			name = "Supporting Files";
			sourceTree = "<group>";
		};
		91E210D31AFF83B20032CAB7 /* CustomtableviewTests */ = {
			isa = PBXGroup;
			children = (
				91E210D61AFF83B20032CAB7 /* CustomtableviewTests.swift */,
				91E210D41AFF83B20032CAB7 /* Supporting Files */,
			);
			path = CustomtableviewTests;
			sourceTree = "<group>";
		};
		91E210D41AFF83B20032CAB7 /* Supporting Files */ = {
			isa = PBXGroup;
			children = (
				91E210D51AFF83B20032CAB7 /* Info.plist */,
			);
			name = "Supporting Files";
			sourceTree = "<group>";
		};
/* End PBXGroup section */

/* Begin PBXNativeTarget section */
		91E210BA1AFF83B20032CAB7 /* Customtableview */ = {
			isa = PBXNativeTarget;
			buildConfigurationList = 91E210DA1AFF83B20032CAB7 /* Build configuration list for PBXNativeTarget "Customtableview" */;
			buildPhases = (
				91E210B71AFF83B20032CAB7 /* Sources */,
				91E210B81AFF83B20032CAB7 /* Frameworks */,
				91E210B91AFF83B20032CAB7 /* Resources */,
			);
			buildRules = (
			);
			dependencies = (
			);
			name = Customtableview;
			productName = Customtableview;
			productReference = 91E210BB1AFF83B20032CAB7 /* Customtableview.app */;
			productType = "com.apple.product-type.application";
		};
		91E210CF1AFF83B20032CAB7 /* CustomtableviewTests */ = {
			isa = PBXNativeTarget;
			buildConfigurationList = 91E210DD1AFF83B20032CAB7 /* Build configuration list for PBXNativeTarget "CustomtableviewTests" */;
			buildPhases = (
				91E210CC1AFF83B20032CAB7 /* Sources */,
				91E210CD1AFF83B20032CAB7 /* Frameworks */,
				91E210CE1AFF83B20032CAB7 /* Resources */,
			);
			buildRules = (
			);
			dependencies = (
				91E210D21AFF83B20032CAB7 /* PBXTargetDependency */,
			);
			name = CustomtableviewTests;
			productName = CustomtableviewTests;
			productReference = 91E210D01AFF83B20032CAB7 /* CustomtableviewTests.xctest */;
			productType = "com.apple.product-type.bundle.unit-test";
		};
/* End PBXNativeTarget section */

/* Begin PBXProject section */
		91E210B31AFF83B20032CAB7 /* Project object */ = {
			isa = PBXProject;
			attributes = {
				LastUpgradeCheck = 0630;
				ORGANIZATIONNAME = "尤献利";
				TargetAttributes = {
					91E210BA1AFF83B20032CAB7 = {
						CreatedOnToolsVersion = 6.3.1;
					};
					91E210CF1AFF83B20032CAB7 = {
						CreatedOnToolsVersion = 6.3.1;
						TestTargetID = 91E210BA1AFF83B20032CAB7;
					};
				};
			};
			buildConfigurationList = 91E210B61AFF83B20032CAB7 /* Build configuration list for PBXProject "Customtableview" */;
			compatibilityVersion = "Xcode 3.2";
			developmentRegion = English;
			hasScannedForEncodings = 0;
			knownRegions = (
				en,
				Base,
			);
			mainGroup = 91E210B21AFF83B20032CAB7;
			productRefGroup = 91E210BC1AFF83B20032CAB7 /* Products */;
			projectDirPath = "";
			projectRoot = "";
			targets = (
				91E210BA1AFF83B20032CAB7 /* Customtableview */,
				91E210CF1AFF83B20032CAB7 /* CustomtableviewTests */,
			);
		};
/* End PBXProject section */

/* Begin PBXResourcesBuildPhase section */
		91E210B91AFF83B20032CAB7 /* Resources */ = {
			isa = PBXResourcesBuildPhase;
			buildActionMask = 2147483647;
			files = (
				91E210C61AFF83B20032CAB7 /* Main.storyboard in Resources */,
				91E210CB1AFF83B20032CAB7 /* LaunchScreen.xib in Resources */,
				91E210C81AFF83B20032CAB7 /* Images.xcassets in Resources */,
			);
			runOnlyForDeploymentPostprocessing = 0;
		};
		91E210CE1AFF83B20032CAB7 /* Resources */ = {
			isa = PBXResourcesBuildPhase;
			buildActionMask = 2147483647;
			files = (
			);
			runOnlyForDeploymentPostprocessing = 0;
		};
/* End PBXResourcesBuildPhase section */

/* Begin PBXSourcesBuildPhase section */
		91E210B71AFF83B20032CAB7 /* Sources */ = {
			isa = PBXSourcesBuildPhase;
			buildActionMask = 2147483647;
			files = (
				91E210C31AFF83B20032CAB7 /* ViewController.swift in Sources */,
				91E210C11AFF83B20032CAB7 /* AppDelegate.swift in Sources */,
			);
			runOnlyForDeploymentPostprocessing = 0;
		};
		91E210CC1AFF83B20032CAB7 /* Sources */ = {
			isa = PBXSourcesBuildPhase;
			buildActionMask = 2147483647;
			files = (
				91E210D71AFF83B20032CAB7 /* CustomtableviewTests.swift in Sources */,
			);
			runOnlyForDeploymentPostprocessing = 0;
		};
/* End PBXSourcesBuildPhase section */

/* Begin PBXTargetDependency section */
		91E210D21AFF83B20032CAB7 /* PBXTargetDependency */ = {
			isa = PBXTargetDependency;
			target = 91E210BA1AFF83B20032CAB7 /* Customtableview */;
			targetProxy = 91E210D11AFF83B20032CAB7 /* PBXContainerItemProxy */;
		};
/* End PBXTargetDependency section */

/* Begin PBXVariantGroup section */
		91E210C41AFF83B20032CAB7 /* Main.storyboard */ = {
			isa = PBXVariantGroup;
			children = (
				91E210C51AFF83B20032CAB7 /* Base */,
			);
			name = Main.storyboard;
			sourceTree = "<group>";
		};
		91E210C91AFF83B20032CAB7 /* LaunchScreen.xib */ = {
			isa = PBXVariantGroup;
			children = (
				91E210CA1AFF83B20032CAB7 /* Base */,
			);
			name = LaunchScreen.xib;
			sourceTree = "<group>";
		};
/* End PBXVariantGroup section */

/* Begin XCBuildConfiguration section */
		91E210D81AFF83B20032CAB7 /* Debug */ = {
			isa = XCBuildConfiguration;
			buildSettings = {
				ALWAYS_SEARCH_USER_PATHS = NO;
				CLANG_CXX_LANGUAGE_STANDARD = "gnu++0x";
				CLANG_CXX_LIBRARY = "libc++";
				CLANG_ENABLE_MODULES = YES;
				CLANG_ENABLE_OBJC_ARC = YES;
				CLANG_WARN_BOOL_CONVERSION = YES;
				CLANG_WARN_CONSTANT_CONVERSION = YES;
				CLANG_WARN_DIRECT_OBJC_ISA_USAGE = YES_ERROR;
				CLANG_WARN_EMPTY_BODY = YES;
				CLANG_WARN_ENUM_CONVERSION = YES;
				CLANG_WARN_INT_CONVERSION = YES;
				CLANG_WARN_OBJC_ROOT_CLASS = YES_ERROR;
				CLANG_WARN_UNREACHABLE_CODE = YES;
				CLANG_WARN__DUPLICATE_METHOD_MATCH = YES;
				"CODE_SIGN_IDENTITY[sdk=iphoneos*]" = "iPhone Developer";
				COPY_PHASE_STRIP = NO;
				DEBUG_INFORMATION_FORMAT = "dwarf-with-dsym";
				ENABLE_STRICT_OBJC_MSGSEND = YES;
				GCC_C_LANGUAGE_STANDARD = gnu99;
				GCC_DYNAMIC_NO_PIC = NO;
				GCC_NO_COMMON_BLOCKS = YES;
				GCC_OPTIMIZATION_LEVEL = 0;
				GCC_PREPROCESSOR_DEFINITIONS = (
					"DEBUG=1",
					"$(inherited)",
				);
				GCC_SYMBOLS_PRIVATE_EXTERN = NO;
				GCC_WARN_64_TO_32_BIT_CONVERSION = YES;
				GCC_WARN_ABOUT_RETURN_TYPE = YES_ERROR;
				GCC_WARN_UNDECLARED_SELECTOR = YES;
				GCC_WARN_UNINITIALIZED_AUTOS = YES_AGGRESSIVE;
				GCC_WARN_UNUSED_FUNCTION = YES;
				GCC_WARN_UNUSED_VARIABLE = YES;
				IPHONEOS_DEPLOYMENT_TARGET = 8.3;
				MTL_ENABLE_DEBUG_INFO = YES;
				ONLY_ACTIVE_ARCH = YES;
				SDKROOT = iphoneos;
				SWIFT_OPTIMIZATION_LEVEL = "-Onone";
				TARGETED_DEVICE_FAMILY = "1,2";
			};
			name = Debug;
		};
		91E210D91AFF83B20032CAB7 /* Release */ = {
			isa = XCBuildConfiguration;
			buildSettings = {
				ALWAYS_SEARCH_USER_PATHS = NO;
				CLANG_CXX_LANGUAGE_STANDARD = "gnu++0x";
				CLANG_CXX_LIBRARY = "libc++";
				CLANG_ENABLE_MODULES = YES;
				CLANG_ENABLE_OBJC_ARC = YES;
				CLANG_WARN_BOOL_CONVERSION = YES;
				CLANG_WARN_CONSTANT_CONVERSION = YES;
				CLANG_WARN_DIRECT_OBJC_ISA_USAGE = YES_ERROR;
				CLANG_WARN_EMPTY_BODY = YES;
				CLANG_WARN_ENUM_CONVERSION = YES;
				CLANG_WARN_INT_CONVERSION = YES;
				CLANG_WARN_OBJC_ROOT_CLASS = YES_ERROR;
				CLANG_WARN_UNREACHABLE_CODE = YES;
				CLANG_WARN__DUPLICATE_METHOD_MATCH = YES;
				"CODE_SIGN_IDENTITY[sdk=iphoneos*]" = "iPhone Developer";
				COPY_PHASE_STRIP = NO;
				DEBUG_INFORMATION_FORMAT = "dwarf-with-dsym";
				ENABLE_NS_ASSERTIONS = NO;
				ENABLE_STRICT_OBJC_MSGSEND = YES;
				GCC_C_LANGUAGE_STANDARD = gnu99;
				GCC_NO_COMMON_BLOCKS = YES;
				GCC_WARN_64_TO_32_BIT_CONVERSION = YES;
				GCC_WARN_ABOUT_RETURN_TYPE = YES_ERROR;
				GCC_WARN_UNDECLARED_SELECTOR = YES;
				GCC_WARN_UNINITIALIZED_AUTOS = YES_AGGRESSIVE;
				GCC_WARN_UNUSED_FUNCTION = YES;
				GCC_WARN_UNUSED_VARIABLE = YES;
				IPHONEOS_DEPLOYMENT_TARGET = 8.3;
				MTL_ENABLE_DEBUG_INFO = NO;
				SDKROOT = iphoneos;
				TARGETED_DEVICE_FAMILY = "1,2";
				VALIDATE_PRODUCT = YES;
			};
			name = Release;
		};
		91E210DB1AFF83B20032CAB7 /* Debug */ = {
			isa = XCBuildConfiguration;
			buildSettings = {
				ASSETCATALOG_COMPILER_APPICON_NAME = AppIcon;
				INFOPLIST_FILE = Customtableview/Info.plist;
				LD_RUNPATH_SEARCH_PATHS = "$(inherited) @executable_path/Frameworks";
				PRODUCT_NAME = "$(TARGET_NAME)";
			};
			name = Debug;
		};
		91E210DC1AFF83B20032CAB7 /* Release */ = {
			isa = XCBuildConfiguration;
			buildSettings = {
				ASSETCATALOG_COMPILER_APPICON_NAME = AppIcon;
				INFOPLIST_FILE = Customtableview/Info.plist;
				LD_RUNPATH_SEARCH_PATHS = "$(inherited) @executable_path/Frameworks";
				PRODUCT_NAME = "$(TARGET_NAME)";
			};
			name = Release;
		};
		91E210DE1AFF83B20032CAB7 /* Debug */ = {
			isa = XCBuildConfiguration;
			buildSettings = {
				BUNDLE_LOADER = "$(TEST_HOST)";
				FRAMEWORK_SEARCH_PATHS = (
					"$(SDKROOT)/Developer/Library/Frameworks",
					"$(inherited)",
				);
				GCC_PREPROCESSOR_DEFINITIONS = (
					"DEBUG=1",
					"$(inherited)",
				);
				INFOPLIST_FILE = CustomtableviewTests/Info.plist;
				LD_RUNPATH_SEARCH_PATHS = "$(inherited) @executable_path/Frameworks @loader_path/Frameworks";
				PRODUCT_NAME = "$(TARGET_NAME)";
				TEST_HOST = "$(BUILT_PRODUCTS_DIR)/Customtableview.app/Customtableview";
			};
			name = Debug;
		};
		91E210DF1AFF83B20032CAB7 /* Release */ = {
			isa = XCBuildConfiguration;
			buildSettings = {
				BUNDLE_LOADER = "$(TEST_HOST)";
				FRAMEWORK_SEARCH_PATHS = (
					"$(SDKROOT)/Developer/Library/Frameworks",
					"$(inherited)",
				);
				INFOPLIST_FILE = CustomtableviewTests/Info.plist;
				LD_RUNPATH_SEARCH_PATHS = "$(inherited) @executable_path/Frameworks @loader_path/Frameworks";
				PRODUCT_NAME = "$(TARGET_NAME)";
				TEST_HOST = "$(BUILT_PRODUCTS_DIR)/Customtableview.app/Customtableview";
			};
			name = Release;
		};
/* End XCBuildConfiguration section */

/* Begin XCConfigurationList section */
		91E210B61AFF83B20032CAB7 /* Build configuration list for PBXProject "Customtableview" */ = {
			isa = XCConfigurationList;
			buildConfigurations = (
				91E210D81AFF83B20032CAB7 /* Debug */,
				91E210D91AFF83B20032CAB7 /* Release */,
			);
			defaultConfigurationIsVisible = 0;
			defaultConfigurationName = Release;
		};
		91E210DA1AFF83B20032CAB7 /* Build configuration list for PBXNativeTarget "Customtableview" */ = {
			isa = XCConfigurationList;
			buildConfigurations = (
				91E210DB1AFF83B20032CAB7 /* Debug */,
				91E210DC1AFF83B20032CAB7 /* Release */,
			);
			defaultConfigurationIsVisible = 0;
		};
		91E210DD1AFF83B20032CAB7 /* Build configuration list for PBXNativeTarget "CustomtableviewTests" */ = {
			isa = XCConfigurationList;
			buildConfigurations = (
				91E210DE1AFF83B20032CAB7 /* Debug */,
				91E210DF1AFF83B20032CAB7 /* Release */,
			);
			defaultConfigurationIsVisible = 0;
		};
/* End XCConfigurationList section */
	};
	rootObject = 91E210B31AFF83B20032CAB7 /* Project object */;
}
